
Microsoft Visual Studio Solution File, Format Version 12.00
# Visual Studio Version 17
VisualStudioVersion = 17.4.33205.214
MinimumVisualStudioVersion = 10.0.40219.1
Project("{FAE04EC0-301F-11D3-BF4B-00C04F79EFBC}") = "API_Rest_001", "API_Rest_001\API_Rest_001.csproj", "{AF60C903-499B-45FB-8FB2-A0C4C340ADFB}"
EndProject
Global
	GlobalSection(SolutionConfigurationPlatforms) = preSolution
		Debug|Any CPU = Debug|Any CPU
		Release|Any CPU = Release|Any CPU
	EndGlobalSection
	GlobalSection(ProjectConfigurationPlatforms) = postSolution
		{AF60C903-499B-45FB-8FB2-A0C4C340ADFB}.Debug|Any CPU.ActiveCfg = Debug|Any CPU
		{AF60C903-499B-45FB-8FB2-A0C4C340ADFB}.Debug|Any CPU.Build.0 = Debug|Any CPU
		{AF60C903-499B-45FB-8FB2-A0C4C340ADFB}.Release|Any CPU.ActiveCfg = Release|Any CPU
		{AF60C903-499B-45FB-8FB2-A0C4C340ADFB}.Release|Any CPU.Build.0 = Release|Any CPU
	EndGlobalSection
	GlobalSection(SolutionProperties) = preSolution
		HideSolutionNode = FALSE
	EndGlobalSection
	GlobalSection(ExtensibilityGlobals) = postSolution
		SolutionGuid = {B9F3A620-12A9-4CF8-9A99-3D9785D48AEC}
	EndGlobalSection
EndGlobal
